{
  "version": 4,
  "terraform_version": "1.1.9",
  "serial": 5,
  "lineage": "bdca16f8-c1ed-0cb0-65f8-a5ff70fe4baa",
  "outputs": {},
  "resources": [
    {
      "mode": "managed",
      "type": "aws_eks_cluster",
      "name": "dataplatform-dev",
      "provider": "provider[\"registry.terraform.io/hashicorp/aws\"].us-east-2",
      "instances": [
        {
          "schema_version": 0,
          "attributes": {
            "arn": "arn:aws:eks:us-east-2:296075517832:cluster/dataplatform-dev",
            "certificate_authority": [
              {
                "data": "LS0tLS1CRUdJTiBDRVJUSUZJQ0FURS0tLS0tCk1JSUN5RENDQWJDZ0F3SUJBZ0lCQURBTkJna3Foa2lHOXcwQkFRc0ZBREFWTVJNd0VRWURWUVFERXdwcmRXSmwKY201bGRHVnpNQjRYRFRJd01Ea3dNVEUxTXpBeE9Wb1hEVE13TURnek1ERTFNekF4T1Zvd0ZURVRNQkVHQTFVRQpBeE1LYTNWaVpYSnVaWFJsY3pDQ0FTSXdEUVlKS29aSWh2Y05BUUVCQlFBRGdnRVBBRENDQVFvQ2dnRUJBT1hMCnRXeEI5Z1BZYkJuNS9HOHFWKzR0T0tPWnNVVi9CNlFSd2hZdzBkVkFXcE9GVXFlVWNUZmV2SFRKaFJyTjdpb3EKdWRTd1prVjdGdnl0S1o5a2xiY0lqM2FML0tFUEJjbUdMMWI3Q2srUGZRSHlIbFpjZnpRc0xsei90Q3VJRjVLUwp6T1ovK2RTRjFqMkdzcitiVmdNcVNzR3hiRHZBTXdKcnZMZnkzeHJFeXRzL0xZZ0xoeWUyTnV0ckVia0xnaCtqCjBuYmh6ZytMYVJwSlA1VGozK1hDMWpnL08wZG9jRlk4eGZRQkVLYUFnUEMrZFcrRjRpLzNzQmppeTBWek1FNFgKMFBueTE3czJtalZ1ZnlVSmsxb3ZTZkhJYkxwUEdxdjFLc2wvTEd1YTg3TGhYZWVNd0tnOGhtTzFUSnJJcC9xegpiWTNtZm15SXZJekplTUtoS0xrQ0F3RUFBYU1qTUNFd0RnWURWUjBQQVFIL0JBUURBZ0trTUE4R0ExVWRFd0VCCi93UUZNQU1CQWY4d0RRWUpLb1pJaHZjTkFRRUxCUUFEZ2dFQkFMN1RmSjRXdnUvajEyQkVoQ2JYK0VzM2prN1kKWWtpbEI4cUR6OWQzL1VMZFNLTHNoWWM1SkNVNmpqbmFnbEwrVVl5Z2Y4aE5hV29GL0FJa1BhSGN3eXlQVXhnYwp5eDloM01LSjYwK2g2NnY0VWhiaGg5VXNBV3NkV0xIOVFzQy9KOERKem1KRU53dVFaSHMxSWYvKytMVG5waUphCkFKeUxOcHk1bUZaQzIvaFlNNEsxUS9wSUlnSWxleTJmVFFyMndtK0pQamtsZzB3a1l4S3ROZjRKQzMzZ0hCeDUKbThqSm1kKzRwdldyckNhNUluQVdLMjVPYnhhc1NVKzlYSCtUSXM5blJyVEJ1QUJsVUdhbFhJVnVDakRhbHBxZgpSMENiUFRPOTc3b2Ixa25WMVdGeUVWdVRyQlVMQWc0cEJueExVZGZFcEVDOE0vMUVDQlRrZkM4bnpTcz0KLS0tLS1FTkQgQ0VSVElGSUNBVEUtLS0tLQo="
              }
            ],
            "created_at": "2020-09-01 15:23:29.845 +0000 UTC",
            "enabled_cluster_log_types": [
              "audit"
            ],
            "encryption_config": [],
            "endpoint": "https://9C5B7CF64AF6BA81569C6B5BDD8C0A18.gr7.us-east-2.eks.amazonaws.com",
            "id": "dataplatform-dev",
            "identity": [
              {
                "oidc": [
                  {
                    "issuer": "https://oidc.eks.us-east-2.amazonaws.com/id/9C5B7CF64AF6BA81569C6B5BDD8C0A18"
                  }
                ]
              }
            ],
            "kubernetes_network_config": [
              {
                "ip_family": "ipv4",
                "service_ipv4_cidr": "172.20.0.0/16"
              }
            ],
            "name": "dataplatform-dev",
            "platform_version": "eks.11",
            "role_arn": "arn:aws:iam::296075517832:role/dataplatform-dev-cluster-role",
            "status": "ACTIVE",
            "tags": {
              "ClusterName": "dataplatform-dev",
              "Contact": "aws-rt-data-platform-nonprod@ets-cloud.com",
              "CostCode": "20882",
              "Description": "eks",
              "Environment": "dev",
              "Name": "dataplatform.dev.dataplatform-dev",
              "Orchestration": "https://github.com/elsevier-research/dp-core-infra",
              "Product": "dataplatform",
              "SubProduct": "null",
              "kubernetes.io/cluster/dataplatform-dev": "owned",
              "tio:ModuleVersion": "core-terraform-eks:7.7.0"
            },
            "tags_all": {
              "ClusterName": "dataplatform-dev",
              "Contact": "aws-rt-data-platform-nonprod@ets-cloud.com",
              "CostCode": "20882",
              "Description": "eks",
              "Environment": "dev",
              "Name": "dataplatform.dev.dataplatform-dev",
              "Orchestration": "https://github.com/elsevier-research/dp-core-infra",
              "Product": "dataplatform",
              "SubProduct": "null",
              "kubernetes.io/cluster/dataplatform-dev": "owned",
              "tio:ModuleVersion": "core-terraform-eks:7.7.0"
            },
            "timeouts": {
              "create": null,
              "delete": null,
              "update": null
            },
            "version": "1.18",
            "vpc_config": [
              {
                "cluster_security_group_id": "sg-0e4d391b57b51c5f0",
                "endpoint_private_access": true,
                "endpoint_public_access": false,
                "public_access_cidrs": [],
                "security_group_ids": [
                  "sg-0c2dcd206bbd806d4"
                ],
                "subnet_ids": [
                  "subnet-03e3813b6dc21c306",
                  "subnet-065550fef5852a705",
                  "subnet-0b6d2af554f8ea5c3",
                  "subnet-0bae27380e5d20104",
                  "subnet-0ddd752cd9d0a9ac4",
                  "subnet-0def5ad5245f69fed"
                ],
                "vpc_id": "vpc-020732e1a993f657b"
              }
            ]
          },
          "sensitive_attributes": [],
          "private": "eyJlMmJmYjczMC1lY2FhLTExZTYtOGY4OC0zNDM2M2JjN2M0YzAiOnsiY3JlYXRlIjoxODAwMDAwMDAwMDAwLCJkZWxldGUiOjkwMDAwMDAwMDAwMCwidXBkYXRlIjozNjAwMDAwMDAwMDAwfSwic2NoZW1hX3ZlcnNpb24iOiIwIn0="
        }
      ]
    },
    {
      "mode": "managed",
      "type": "aws_s3_bucket",
      "name": "dataconfidential",
      "provider": "provider[\"registry.terraform.io/hashicorp/aws\"].us-east-2",
      "instances": [
        {
          "schema_version": 0,
          "attributes": {
            "acceleration_status": "",
            "acl": null,
            "arn": "arn:aws:s3:::com-elsevier-rdp-dataconfidential-nonprod-useast2-1",
            "bucket": "com-elsevier-rdp-dataconfidential-nonprod-useast2-1",
            "bucket_domain_name": "com-elsevier-rdp-dataconfidential-nonprod-useast2-1.s3.amazonaws.com",
            "bucket_prefix": null,
            "bucket_regional_domain_name": "com-elsevier-rdp-dataconfidential-nonprod-useast2-1.s3.us-east-2.amazonaws.com",
            "cors_rule": [],
            "force_destroy": null,
            "grant": [
              {
                "id": "32e653e4c75650b968a59ee4a7466e00c40f89b44e2d5a5ddb630b4b10386df5",
                "permissions": [
                  "FULL_CONTROL"
                ],
                "type": "CanonicalUser",
                "uri": ""
              }
            ],
            "hosted_zone_id": "Z2O1EMRO9K5GLX",
            "id": "com-elsevier-rdp-dataconfidential-nonprod-useast2-1",
            "lifecycle_rule": [
              {
                "abort_incomplete_multipart_upload_days": 0,
                "enabled": false,
                "expiration": [
                  {
                    "date": "",
                    "days": 30,
                    "expired_object_delete_marker": false
                  }
                ],
                "id": "expiration",
                "noncurrent_version_expiration": [],
                "noncurrent_version_transition": [],
                "prefix": "",
                "tags": {},
                "transition": []
              },
              {
                "abort_incomplete_multipart_upload_days": 0,
                "enabled": false,
                "expiration": [],
                "id": "transition",
                "noncurrent_version_expiration": [],
                "noncurrent_version_transition": [],
                "prefix": "",
                "tags": {},
                "transition": [
                  {
                    "date": "",
                    "days": 100,
                    "storage_class": "STANDARD_IA"
                  }
                ]
              }
            ],
            "logging": [],
            "object_lock_configuration": [],
            "object_lock_enabled": false,
            "policy": "{\"Version\":\"2012-10-17\",\"Statement\":[{\"Sid\":\"AllowControlAccountsAccessToData\",\"Effect\":\"Allow\",\"Principal\":{\"AWS\":\"arn:aws:iam::634515553650:root\"},\"Action\":[\"s3:ListMultipartUploadParts\",\"s3:ListBucketMultipartUploads\",\"s3:ListBucket\",\"s3:GetObject\",\"s3:GetBucketLocation\",\"s3:AbortMultipartUpload\",\"s3:DeleteObject\",\"s3:PutObjectAcl\"],\"Resource\":[\"arn:aws:s3:::com-elsevier-rdp-dataconfidential-nonprod-useast2-1/*\",\"arn:aws:s3:::com-elsevier-rdp-dataconfidential-nonprod-useast2-1\"]},{\"Sid\":\"Only allow writes with bucket owner full control ACL\",\"Effect\":\"Allow\",\"Principal\":{\"AWS\":\"arn:aws:iam::634515553650:root\"},\"Action\":\"s3:PutObject\",\"Resource\":[\"arn:aws:s3:::com-elsevier-rdp-dataconfidential-nonprod-useast2-1/*\",\"arn:aws:s3:::com-elsevier-rdp-dataconfidential-nonprod-useast2-1\"],\"Condition\":{\"StringEquals\":{\"s3:x-amz-acl\":\"bucket-owner-full-control\"}}},{\"Sid\":\"InventoryAndAnalyticsExamplePolicy\",\"Effect\":\"Allow\",\"Principal\":{\"Service\":\"s3.amazonaws.com\"},\"Action\":\"s3:PutObject\",\"Resource\":\"arn:aws:s3:::com-elsevier-rdp-dataconfidential-nonprod-useast2-1/*\",\"Condition\":{\"StringEquals\":{\"s3:x-amz-acl\":\"bucket-owner-full-control\",\"aws:SourceAccount\":\"210275200797\"},\"ArnLike\":{\"aws:SourceArn\":\"arn:aws:s3:::com-elsevier-rdp-dataconfidential-nonprod-useast2-1\"}}}]}",
            "region": "us-east-2",
            "replication_configuration": [],
            "request_payer": "BucketOwner",
            "server_side_encryption_configuration": [],
            "tags": {
              "Product": "Data Platform"
            },
            "tags_all": {
              "Product": "Data Platform"
            },
            "versioning": [
              {
                "enabled": false,
                "mfa_delete": false
              }
            ],
            "website": [],
            "website_domain": null,
            "website_endpoint": null
          },
          "sensitive_attributes": [],
          "private": "eyJzY2hlbWFfdmVyc2lvbiI6IjAifQ=="
        }
      ]
    },
    {
      "mode": "managed",
      "type": "aws_s3_bucket_acl",
      "name": "dataconfidential_acl",
      "provider": "provider[\"registry.terraform.io/hashicorp/aws\"]",
      "instances": []
    },
    {
      "mode": "managed",
      "type": "aws_s3_bucket_policy",
      "name": "dataconfidential_policy",
      "provider": "provider[\"registry.terraform.io/hashicorp/aws\"]",
      "instances": [
        {
          "schema_version": 0,
          "attributes": {
            "bucket": "com-elsevier-rdp-dataconfidential-nonprod-useast2-1",
            "id": "com-elsevier-rdp-dataconfidential-nonprod-useast2-1",
            "policy": "{\n  \"Version\": \"2012-10-17\",\n  \"Statement\": [\n    {\n      \"Sid\": \"AllowControlAccountsAccessToData\",\n      \"Effect\": \"Allow\",\n      \"Principal\": {\n        \"AWS\": \"arn:aws:iam::634515553650:root\"\n      },\n      \"Action\": [\n        \"s3:ListMultipartUploadParts\",\n        \"s3:ListBucketMultipartUploads\",\n        \"s3:ListBucket\",\n        \"s3:GetObject\",\n        \"s3:GetBucketLocation\",\n        \"s3:AbortMultipartUpload\",\n        \"s3:DeleteObject\",\n        \"s3:PutObjectAcl\"\n      ],\n      \"Resource\": [\n        \"arn:aws:s3:::com-elsevier-rdp-dataconfidential-nonprod-useast2-1/*\",\n        \"arn:aws:s3:::com-elsevier-rdp-dataconfidential-nonprod-useast2-1\"\n      ]\n    },\n    {\n      \"Sid\": \"Only allow writes with bucket owner full control ACL\",\n      \"Effect\": \"Allow\",\n      \"Principal\": {\n        \"AWS\": \"arn:aws:iam::634515553650:root\"\n      },\n      \"Action\": \"s3:PutObject\",\n      \"Resource\": [\n        \"arn:aws:s3:::com-elsevier-rdp-dataconfidential-nonprod-useast2-1/*\",\n        \"arn:aws:s3:::com-elsevier-rdp-dataconfidential-nonprod-useast2-1\"\n      ],\n      \"Condition\": {\n        \"StringEquals\": {\n          \"s3:x-amz-acl\": \"bucket-owner-full-control\"\n        }\n      }\n    },\n    {\n      \"Sid\": \"InventoryAndAnalyticsExamplePolicy\",\n      \"Effect\": \"Allow\",\n      \"Principal\": {\n        \"Service\": \"s3.amazonaws.com\"\n      },\n      \"Action\": \"s3:PutObject\",\n      \"Resource\": \"arn:aws:s3:::com-elsevier-rdp-dataconfidential-nonprod-useast2-1/*\",\n      \"Condition\": {\n        \"StringEquals\": {\n          \"s3:x-amz-acl\": \"bucket-owner-full-control\",\n          \"aws:SourceAccount\": \"210275200797\"\n        },\n        \"ArnLike\": {\n          \"aws:SourceArn\": \"arn:aws:s3:::com-elsevier-rdp-dataconfidential-nonprod-useast2-1\"\n        }\n      }\n    }\n  ]\n}"
          },
          "sensitive_attributes": [],
          "private": "bnVsbA=="
        }
      ]
    }
  ]
}
